
Microsoft Visual Studio Solution File, Format Version 12.00
# Visual Studio 2013
VisualStudioVersion = 12.0.21005.1
MinimumVisualStudioVersion = 10.0.40219.1
Project("{FAE04EC0-301F-11D3-BF4B-00C04F79EFBC}") = "Communication", "Communication\Communication.csproj", "{51FEEB06-18D9-4C31-9CBA-7C50A6EC393B}"
EndProject
Project("{FAE04EC0-301F-11D3-BF4B-00C04F79EFBC}") = "CST_Common", "CST_Common\CST_Common.csproj", "{E871EFF5-08C9-464A-9A85-248F2C6A9E94}"
EndProject
Project("{FAE04EC0-301F-11D3-BF4B-00C04F79EFBC}") = "GenericAuthNameSpace", "GenericAuthNameSpace\GenericAuthNameSpace.csproj", "{D9CF94C5-DDEC-4E97-8D89-3FA01FCBBAB4}"
EndProject
Project("{FAE04EC0-301F-11D3-BF4B-00C04F79EFBC}") = "LiveID", "LiveID\LiveID.csproj", "{31ACE149-FC0D-45F7-8CB1-580BFFA7DA2C}"
EndProject
Project("{FAE04EC0-301F-11D3-BF4B-00C04F79EFBC}") = "OpenIDConnectNameSpace", "OpenIDConnectNameSpace\OpenIDConnectNameSpace.csproj", "{1B74B308-E62E-419B-BE2C-610BAE70524A}"
EndProject
Project("{FAE04EC0-301F-11D3-BF4B-00C04F79EFBC}") = "OAuth20NameSpace", "OAuth20NameSpace\OAuth20NameSpace.csproj", "{1476F311-9A1D-4ACC-81A2-B33AAB5200C9}"
EndProject
Project("{FAE04EC0-301F-11D3-BF4B-00C04F79EFBC}") = "CST_Ops", "CST_Ops\CST_Ops.csproj", "{990DBF35-8090-4F83-B05C-6FDB27553929}"
EndProject
Project("{FAE04EC0-301F-11D3-BF4B-00C04F79EFBC}") = "ProjectBuilder", "ProjectBuilder\ProjectBuilder.csproj", "{BC1874E7-9E54-4D21-8376-F54E6167ABEA}"
EndProject
Project("{2150E333-8FDC-42A3-9474-1A3956D46DE8}") = "Examples", "Examples", "{5BF32E55-300C-4522-AFBD-E8BF24CADE64}"
EndProject
Project("{FAE04EC0-301F-11D3-BF4B-00C04F79EFBC}") = "Server_A", "Examples\ABC\Server_A\Server_A.csproj", "{C7296C2C-548D-445C-8FEB-4D21D972F188}"
EndProject
Project("{2150E333-8FDC-42A3-9474-1A3956D46DE8}") = "ABC", "ABC", "{015C298B-11F7-42C0-B558-EFB03C353AE6}"
EndProject
Project("{FAE04EC0-301F-11D3-BF4B-00C04F79EFBC}") = "Server_B", "Examples\ABC\Server_B\Server_B.csproj", "{35848021-CF10-4498-93E3-3AED8F5D0727}"
EndProject
Project("{FAE04EC0-301F-11D3-BF4B-00C04F79EFBC}") = "Server_C", "Examples\ABC\Server_C\Server_C.csproj", "{7AB2EC0D-2EC6-4BC7-8DAE-B4D429BBE14C}"
EndProject
Project("{FAE04EC0-301F-11D3-BF4B-00C04F79EFBC}") = "Run_ABC", "Examples\ABC\Run_ABC\Run_ABC.csproj", "{036E9C7D-F4FA-411D-810C-8CF6869F87A4}"
EndProject
Project("{FAE04EC0-301F-11D3-BF4B-00C04F79EFBC}") = "CST_Message", "Examples\ABC\CST_Message\CST_Message.csproj", "{98525F38-1A4B-4831-A549-797443C32CE9}"
EndProject
Project("{2150E333-8FDC-42A3-9474-1A3956D46DE8}") = "LiveIDLogin", "LiveIDLogin", "{B2A7386F-98FC-4337-B201-79D8D84A045E}"
EndProject
Project("{FAE04EC0-301F-11D3-BF4B-00C04F79EFBC}") = "LiveIDExample", "Examples\LiveIDLogin\LiveIDExample\LiveIDExample.csproj", "{00712A21-5DCF-499E-9DC7-5C857AC6A144}"
EndProject
Global
	GlobalSection(SolutionConfigurationPlatforms) = preSolution
		Debug|Any CPU = Debug|Any CPU
		Release|Any CPU = Release|Any CPU
	EndGlobalSection
	GlobalSection(ProjectConfigurationPlatforms) = postSolution
		{51FEEB06-18D9-4C31-9CBA-7C50A6EC393B}.Debug|Any CPU.ActiveCfg = Debug|Any CPU
		{51FEEB06-18D9-4C31-9CBA-7C50A6EC393B}.Debug|Any CPU.Build.0 = Debug|Any CPU
		{51FEEB06-18D9-4C31-9CBA-7C50A6EC393B}.Release|Any CPU.ActiveCfg = Release|Any CPU
		{51FEEB06-18D9-4C31-9CBA-7C50A6EC393B}.Release|Any CPU.Build.0 = Release|Any CPU
		{E871EFF5-08C9-464A-9A85-248F2C6A9E94}.Debug|Any CPU.ActiveCfg = Debug|Any CPU
		{E871EFF5-08C9-464A-9A85-248F2C6A9E94}.Debug|Any CPU.Build.0 = Debug|Any CPU
		{E871EFF5-08C9-464A-9A85-248F2C6A9E94}.Release|Any CPU.ActiveCfg = Release|Any CPU
		{E871EFF5-08C9-464A-9A85-248F2C6A9E94}.Release|Any CPU.Build.0 = Release|Any CPU
		{D9CF94C5-DDEC-4E97-8D89-3FA01FCBBAB4}.Debug|Any CPU.ActiveCfg = Debug|Any CPU
		{D9CF94C5-DDEC-4E97-8D89-3FA01FCBBAB4}.Debug|Any CPU.Build.0 = Debug|Any CPU
		{D9CF94C5-DDEC-4E97-8D89-3FA01FCBBAB4}.Release|Any CPU.ActiveCfg = Release|Any CPU
		{D9CF94C5-DDEC-4E97-8D89-3FA01FCBBAB4}.Release|Any CPU.Build.0 = Release|Any CPU
		{31ACE149-FC0D-45F7-8CB1-580BFFA7DA2C}.Debug|Any CPU.ActiveCfg = Debug|Any CPU
		{31ACE149-FC0D-45F7-8CB1-580BFFA7DA2C}.Debug|Any CPU.Build.0 = Debug|Any CPU
		{31ACE149-FC0D-45F7-8CB1-580BFFA7DA2C}.Release|Any CPU.ActiveCfg = Release|Any CPU
		{31ACE149-FC0D-45F7-8CB1-580BFFA7DA2C}.Release|Any CPU.Build.0 = Release|Any CPU
		{1B74B308-E62E-419B-BE2C-610BAE70524A}.Debug|Any CPU.ActiveCfg = Debug|Any CPU
		{1B74B308-E62E-419B-BE2C-610BAE70524A}.Debug|Any CPU.Build.0 = Debug|Any CPU
		{1B74B308-E62E-419B-BE2C-610BAE70524A}.Release|Any CPU.ActiveCfg = Release|Any CPU
		{1B74B308-E62E-419B-BE2C-610BAE70524A}.Release|Any CPU.Build.0 = Release|Any CPU
		{1476F311-9A1D-4ACC-81A2-B33AAB5200C9}.Debug|Any CPU.ActiveCfg = Debug|Any CPU
		{1476F311-9A1D-4ACC-81A2-B33AAB5200C9}.Debug|Any CPU.Build.0 = Debug|Any CPU
		{1476F311-9A1D-4ACC-81A2-B33AAB5200C9}.Release|Any CPU.ActiveCfg = Release|Any CPU
		{1476F311-9A1D-4ACC-81A2-B33AAB5200C9}.Release|Any CPU.Build.0 = Release|Any CPU
		{990DBF35-8090-4F83-B05C-6FDB27553929}.Debug|Any CPU.ActiveCfg = Debug|Any CPU
		{990DBF35-8090-4F83-B05C-6FDB27553929}.Debug|Any CPU.Build.0 = Debug|Any CPU
		{990DBF35-8090-4F83-B05C-6FDB27553929}.Release|Any CPU.ActiveCfg = Release|Any CPU
		{990DBF35-8090-4F83-B05C-6FDB27553929}.Release|Any CPU.Build.0 = Release|Any CPU
		{BC1874E7-9E54-4D21-8376-F54E6167ABEA}.Debug|Any CPU.ActiveCfg = Debug|Any CPU
		{BC1874E7-9E54-4D21-8376-F54E6167ABEA}.Debug|Any CPU.Build.0 = Debug|Any CPU
		{BC1874E7-9E54-4D21-8376-F54E6167ABEA}.Release|Any CPU.ActiveCfg = Release|Any CPU
		{BC1874E7-9E54-4D21-8376-F54E6167ABEA}.Release|Any CPU.Build.0 = Release|Any CPU
		{C7296C2C-548D-445C-8FEB-4D21D972F188}.Debug|Any CPU.ActiveCfg = Debug|Any CPU
		{C7296C2C-548D-445C-8FEB-4D21D972F188}.Debug|Any CPU.Build.0 = Debug|Any CPU
		{C7296C2C-548D-445C-8FEB-4D21D972F188}.Release|Any CPU.ActiveCfg = Release|Any CPU
		{C7296C2C-548D-445C-8FEB-4D21D972F188}.Release|Any CPU.Build.0 = Release|Any CPU
		{35848021-CF10-4498-93E3-3AED8F5D0727}.Debug|Any CPU.ActiveCfg = Debug|Any CPU
		{35848021-CF10-4498-93E3-3AED8F5D0727}.Debug|Any CPU.Build.0 = Debug|Any CPU
		{35848021-CF10-4498-93E3-3AED8F5D0727}.Release|Any CPU.ActiveCfg = Release|Any CPU
		{35848021-CF10-4498-93E3-3AED8F5D0727}.Release|Any CPU.Build.0 = Release|Any CPU
		{7AB2EC0D-2EC6-4BC7-8DAE-B4D429BBE14C}.Debug|Any CPU.ActiveCfg = Debug|Any CPU
		{7AB2EC0D-2EC6-4BC7-8DAE-B4D429BBE14C}.Debug|Any CPU.Build.0 = Debug|Any CPU
		{7AB2EC0D-2EC6-4BC7-8DAE-B4D429BBE14C}.Release|Any CPU.ActiveCfg = Release|Any CPU
		{7AB2EC0D-2EC6-4BC7-8DAE-B4D429BBE14C}.Release|Any CPU.Build.0 = Release|Any CPU
		{036E9C7D-F4FA-411D-810C-8CF6869F87A4}.Debug|Any CPU.ActiveCfg = Debug|Any CPU
		{036E9C7D-F4FA-411D-810C-8CF6869F87A4}.Debug|Any CPU.Build.0 = Debug|Any CPU
		{036E9C7D-F4FA-411D-810C-8CF6869F87A4}.Release|Any CPU.ActiveCfg = Release|Any CPU
		{036E9C7D-F4FA-411D-810C-8CF6869F87A4}.Release|Any CPU.Build.0 = Release|Any CPU
		{98525F38-1A4B-4831-A549-797443C32CE9}.Debug|Any CPU.ActiveCfg = Debug|Any CPU
		{98525F38-1A4B-4831-A549-797443C32CE9}.Debug|Any CPU.Build.0 = Debug|Any CPU
		{98525F38-1A4B-4831-A549-797443C32CE9}.Release|Any CPU.ActiveCfg = Release|Any CPU
		{98525F38-1A4B-4831-A549-797443C32CE9}.Release|Any CPU.Build.0 = Release|Any CPU
		{00712A21-5DCF-499E-9DC7-5C857AC6A144}.Debug|Any CPU.ActiveCfg = Debug|Any CPU
		{00712A21-5DCF-499E-9DC7-5C857AC6A144}.Debug|Any CPU.Build.0 = Debug|Any CPU
		{00712A21-5DCF-499E-9DC7-5C857AC6A144}.Release|Any CPU.ActiveCfg = Release|Any CPU
		{00712A21-5DCF-499E-9DC7-5C857AC6A144}.Release|Any CPU.Build.0 = Release|Any CPU
	EndGlobalSection
	GlobalSection(SolutionProperties) = preSolution
		HideSolutionNode = FALSE
	EndGlobalSection
	GlobalSection(NestedProjects) = preSolution
		{015C298B-11F7-42C0-B558-EFB03C353AE6} = {5BF32E55-300C-4522-AFBD-E8BF24CADE64}
		{B2A7386F-98FC-4337-B201-79D8D84A045E} = {5BF32E55-300C-4522-AFBD-E8BF24CADE64}
		{C7296C2C-548D-445C-8FEB-4D21D972F188} = {015C298B-11F7-42C0-B558-EFB03C353AE6}
		{35848021-CF10-4498-93E3-3AED8F5D0727} = {015C298B-11F7-42C0-B558-EFB03C353AE6}
		{7AB2EC0D-2EC6-4BC7-8DAE-B4D429BBE14C} = {015C298B-11F7-42C0-B558-EFB03C353AE6}
		{036E9C7D-F4FA-411D-810C-8CF6869F87A4} = {015C298B-11F7-42C0-B558-EFB03C353AE6}
		{98525F38-1A4B-4831-A549-797443C32CE9} = {015C298B-11F7-42C0-B558-EFB03C353AE6}
		{00712A21-5DCF-499E-9DC7-5C857AC6A144} = {B2A7386F-98FC-4337-B201-79D8D84A045E}
	EndGlobalSection
EndGlobal
