
Microsoft Visual Studio Solution File, Format Version 12.00
# Visual Studio 2013
VisualStudioVersion = 12.0.21005.1
MinimumVisualStudioVersion = 10.0.40219.1
Project("{FAE04EC0-301F-11D3-BF4B-00C04F79EFBC}") = "Communication", "Communication\Communication.csproj", "{51FEEB06-18D9-4C31-9CBA-7C50A6EC393B}"
EndProject
Project("{FAE04EC0-301F-11D3-BF4B-00C04F79EFBC}") = "CST_Common", "CST_Common\CST_Common.csproj", "{E871EFF5-08C9-464A-9A85-248F2C6A9E94}"
EndProject
Project("{FAE04EC0-301F-11D3-BF4B-00C04F79EFBC}") = "GenericAuthNameSpace", "GenericAuthNameSpace\GenericAuthNameSpace.csproj", "{D9CF94C5-DDEC-4E97-8D89-3FA01FCBBAB4}"
EndProject
Project("{FAE04EC0-301F-11D3-BF4B-00C04F79EFBC}") = "OpenIDConnectNameSpace", "OpenIDConnectNameSpace\OpenIDConnectNameSpace.csproj", "{1B74B308-E62E-419B-BE2C-610BAE70524A}"
EndProject
Project("{FAE04EC0-301F-11D3-BF4B-00C04F79EFBC}") = "OAuth20NameSpace", "OAuth20NameSpace\OAuth20NameSpace.csproj", "{1476F311-9A1D-4ACC-81A2-B33AAB5200C9}"
EndProject
Project("{FAE04EC0-301F-11D3-BF4B-00C04F79EFBC}") = "CST_Ops", "CST_Ops\CST_Ops.csproj", "{990DBF35-8090-4F83-B05C-6FDB27553929}"
EndProject
Project("{FAE04EC0-301F-11D3-BF4B-00C04F79EFBC}") = "OpenID20NameSpace", "OpenID20NameSpace\OpenID20NameSpace.csproj", "{080CCD99-E2F2-421E-84B0-233BB3D3AE54}"
EndProject
Project("{2150E333-8FDC-42A3-9474-1A3956D46DE8}") = "OpenID", "OpenID", "{EF708F17-6AE1-4DD9-9B97-1EF8481EB0C1}"
EndProject
Project("{FAE04EC0-301F-11D3-BF4B-00C04F79EFBC}") = "OpenIDExample", "..\Examples\OpenIDLogin\OpenIDExample\OpenIDExample.csproj", "{7CCD8C54-D995-4982-9EF9-CCBA1D13DE46}"
EndProject
Project("{FAE04EC0-301F-11D3-BF4B-00C04F79EFBC}") = "Yahoo_IdP", "..\Examples\OpenIDLogin\Yahoo_IdP\Yahoo_IdP.csproj", "{B0F45F09-1334-4F74-9DA8-1A2089BF9D3F}"
EndProject
Project("{FAE04EC0-301F-11D3-BF4B-00C04F79EFBC}") = "VProgram", "..\Examples\OpenIDLogin\VProgram\VProgram.csproj", "{27D37963-5778-40C6-B9D0-A58260FAAD22}"
EndProject
Project("{2150E333-8FDC-42A3-9474-1A3956D46DE8}") = "LiveID", "LiveID", "{29AAFEF9-DA8F-4F08-9F1D-E9ABDF49A8B6}"
EndProject
Project("{FAE04EC0-301F-11D3-BF4B-00C04F79EFBC}") = "VProgram", "..\Examples\LiveIDLogin\VProgram\VProgram.csproj", "{D79A10F0-9138-49A0-872C-7C4763DAF219}"
EndProject
Project("{FAE04EC0-301F-11D3-BF4B-00C04F79EFBC}") = "LiveID_IdP", "..\Examples\LiveIDLogin\LiveID_IdP\LiveID_IdP.csproj", "{4A79FE60-2C45-49BA-9297-6C0B49275410}"
EndProject
Project("{FAE04EC0-301F-11D3-BF4B-00C04F79EFBC}") = "LiveIDExample", "..\Examples\LiveIDLogin\LiveIDExample\LiveIDExample.csproj", "{00712A21-5DCF-499E-9DC7-5C857AC6A144}"
EndProject
Global
	GlobalSection(SolutionConfigurationPlatforms) = preSolution
		Debug|Any CPU = Debug|Any CPU
		Release|Any CPU = Release|Any CPU
	EndGlobalSection
	GlobalSection(ProjectConfigurationPlatforms) = postSolution
		{51FEEB06-18D9-4C31-9CBA-7C50A6EC393B}.Debug|Any CPU.ActiveCfg = Debug|Any CPU
		{51FEEB06-18D9-4C31-9CBA-7C50A6EC393B}.Debug|Any CPU.Build.0 = Debug|Any CPU
		{51FEEB06-18D9-4C31-9CBA-7C50A6EC393B}.Release|Any CPU.ActiveCfg = Release|Any CPU
		{51FEEB06-18D9-4C31-9CBA-7C50A6EC393B}.Release|Any CPU.Build.0 = Release|Any CPU
		{E871EFF5-08C9-464A-9A85-248F2C6A9E94}.Debug|Any CPU.ActiveCfg = Debug|Any CPU
		{E871EFF5-08C9-464A-9A85-248F2C6A9E94}.Debug|Any CPU.Build.0 = Debug|Any CPU
		{E871EFF5-08C9-464A-9A85-248F2C6A9E94}.Release|Any CPU.ActiveCfg = Release|Any CPU
		{E871EFF5-08C9-464A-9A85-248F2C6A9E94}.Release|Any CPU.Build.0 = Release|Any CPU
		{D9CF94C5-DDEC-4E97-8D89-3FA01FCBBAB4}.Debug|Any CPU.ActiveCfg = Debug|Any CPU
		{D9CF94C5-DDEC-4E97-8D89-3FA01FCBBAB4}.Debug|Any CPU.Build.0 = Debug|Any CPU
		{D9CF94C5-DDEC-4E97-8D89-3FA01FCBBAB4}.Release|Any CPU.ActiveCfg = Release|Any CPU
		{D9CF94C5-DDEC-4E97-8D89-3FA01FCBBAB4}.Release|Any CPU.Build.0 = Release|Any CPU
		{1B74B308-E62E-419B-BE2C-610BAE70524A}.Debug|Any CPU.ActiveCfg = Debug|Any CPU
		{1B74B308-E62E-419B-BE2C-610BAE70524A}.Debug|Any CPU.Build.0 = Debug|Any CPU
		{1B74B308-E62E-419B-BE2C-610BAE70524A}.Release|Any CPU.ActiveCfg = Release|Any CPU
		{1B74B308-E62E-419B-BE2C-610BAE70524A}.Release|Any CPU.Build.0 = Release|Any CPU
		{1476F311-9A1D-4ACC-81A2-B33AAB5200C9}.Debug|Any CPU.ActiveCfg = Debug|Any CPU
		{1476F311-9A1D-4ACC-81A2-B33AAB5200C9}.Debug|Any CPU.Build.0 = Debug|Any CPU
		{1476F311-9A1D-4ACC-81A2-B33AAB5200C9}.Release|Any CPU.ActiveCfg = Release|Any CPU
		{1476F311-9A1D-4ACC-81A2-B33AAB5200C9}.Release|Any CPU.Build.0 = Release|Any CPU
		{990DBF35-8090-4F83-B05C-6FDB27553929}.Debug|Any CPU.ActiveCfg = Debug|Any CPU
		{990DBF35-8090-4F83-B05C-6FDB27553929}.Debug|Any CPU.Build.0 = Debug|Any CPU
		{990DBF35-8090-4F83-B05C-6FDB27553929}.Release|Any CPU.ActiveCfg = Release|Any CPU
		{990DBF35-8090-4F83-B05C-6FDB27553929}.Release|Any CPU.Build.0 = Release|Any CPU
		{080CCD99-E2F2-421E-84B0-233BB3D3AE54}.Debug|Any CPU.ActiveCfg = Debug|Any CPU
		{080CCD99-E2F2-421E-84B0-233BB3D3AE54}.Debug|Any CPU.Build.0 = Debug|Any CPU
		{080CCD99-E2F2-421E-84B0-233BB3D3AE54}.Release|Any CPU.ActiveCfg = Release|Any CPU
		{080CCD99-E2F2-421E-84B0-233BB3D3AE54}.Release|Any CPU.Build.0 = Release|Any CPU
		{7CCD8C54-D995-4982-9EF9-CCBA1D13DE46}.Debug|Any CPU.ActiveCfg = Debug|Any CPU
		{7CCD8C54-D995-4982-9EF9-CCBA1D13DE46}.Debug|Any CPU.Build.0 = Debug|Any CPU
		{7CCD8C54-D995-4982-9EF9-CCBA1D13DE46}.Release|Any CPU.ActiveCfg = Release|Any CPU
		{7CCD8C54-D995-4982-9EF9-CCBA1D13DE46}.Release|Any CPU.Build.0 = Release|Any CPU
		{B0F45F09-1334-4F74-9DA8-1A2089BF9D3F}.Debug|Any CPU.ActiveCfg = Debug|Any CPU
		{B0F45F09-1334-4F74-9DA8-1A2089BF9D3F}.Debug|Any CPU.Build.0 = Debug|Any CPU
		{B0F45F09-1334-4F74-9DA8-1A2089BF9D3F}.Release|Any CPU.ActiveCfg = Release|Any CPU
		{B0F45F09-1334-4F74-9DA8-1A2089BF9D3F}.Release|Any CPU.Build.0 = Release|Any CPU
		{27D37963-5778-40C6-B9D0-A58260FAAD22}.Debug|Any CPU.ActiveCfg = Debug|Any CPU
		{27D37963-5778-40C6-B9D0-A58260FAAD22}.Debug|Any CPU.Build.0 = Debug|Any CPU
		{27D37963-5778-40C6-B9D0-A58260FAAD22}.Release|Any CPU.ActiveCfg = Release|Any CPU
		{27D37963-5778-40C6-B9D0-A58260FAAD22}.Release|Any CPU.Build.0 = Release|Any CPU
		{D79A10F0-9138-49A0-872C-7C4763DAF219}.Debug|Any CPU.ActiveCfg = Debug|Any CPU
		{D79A10F0-9138-49A0-872C-7C4763DAF219}.Debug|Any CPU.Build.0 = Debug|Any CPU
		{D79A10F0-9138-49A0-872C-7C4763DAF219}.Release|Any CPU.ActiveCfg = Release|Any CPU
		{D79A10F0-9138-49A0-872C-7C4763DAF219}.Release|Any CPU.Build.0 = Release|Any CPU
		{4A79FE60-2C45-49BA-9297-6C0B49275410}.Debug|Any CPU.ActiveCfg = Debug|Any CPU
		{4A79FE60-2C45-49BA-9297-6C0B49275410}.Debug|Any CPU.Build.0 = Debug|Any CPU
		{4A79FE60-2C45-49BA-9297-6C0B49275410}.Release|Any CPU.ActiveCfg = Release|Any CPU
		{4A79FE60-2C45-49BA-9297-6C0B49275410}.Release|Any CPU.Build.0 = Release|Any CPU
		{00712A21-5DCF-499E-9DC7-5C857AC6A144}.Debug|Any CPU.ActiveCfg = Debug|Any CPU
		{00712A21-5DCF-499E-9DC7-5C857AC6A144}.Debug|Any CPU.Build.0 = Debug|Any CPU
		{00712A21-5DCF-499E-9DC7-5C857AC6A144}.Release|Any CPU.ActiveCfg = Release|Any CPU
		{00712A21-5DCF-499E-9DC7-5C857AC6A144}.Release|Any CPU.Build.0 = Release|Any CPU
	EndGlobalSection
	GlobalSection(SolutionProperties) = preSolution
		HideSolutionNode = FALSE
	EndGlobalSection
	GlobalSection(NestedProjects) = preSolution
		{7CCD8C54-D995-4982-9EF9-CCBA1D13DE46} = {EF708F17-6AE1-4DD9-9B97-1EF8481EB0C1}
		{B0F45F09-1334-4F74-9DA8-1A2089BF9D3F} = {EF708F17-6AE1-4DD9-9B97-1EF8481EB0C1}
		{27D37963-5778-40C6-B9D0-A58260FAAD22} = {EF708F17-6AE1-4DD9-9B97-1EF8481EB0C1}
		{D79A10F0-9138-49A0-872C-7C4763DAF219} = {29AAFEF9-DA8F-4F08-9F1D-E9ABDF49A8B6}
		{4A79FE60-2C45-49BA-9297-6C0B49275410} = {29AAFEF9-DA8F-4F08-9F1D-E9ABDF49A8B6}
		{00712A21-5DCF-499E-9DC7-5C857AC6A144} = {29AAFEF9-DA8F-4F08-9F1D-E9ABDF49A8B6}
	EndGlobalSection
EndGlobal
