
Microsoft Visual Studio Solution File, Format Version 12.00
# Visual Studio 2013
VisualStudioVersion = 12.0.21005.1
MinimumVisualStudioVersion = 10.0.40219.1
Project("{2150E333-8FDC-42A3-9474-1A3956D46DE8}") = "LiveIDLogin", "LiveIDLogin", "{33DD93B2-7588-445C-858B-D003D6242F30}"
EndProject
Project("{2150E333-8FDC-42A3-9474-1A3956D46DE8}") = "ABC", "ABC", "{0A2A3A0B-6FB3-42D5-B093-D56498C7F72E}"
EndProject
Project("{FAE04EC0-301F-11D3-BF4B-00C04F79EFBC}") = "LiveIDExample", "LiveIDLogin\LiveIDExample\LiveIDExample.csproj", "{00712A21-5DCF-499E-9DC7-5C857AC6A144}"
EndProject
Project("{FAE04EC0-301F-11D3-BF4B-00C04F79EFBC}") = "VProgram", "LiveIDLogin\VProgram\VProgram.csproj", "{D79A10F0-9138-49A0-872C-7C4763DAF219}"
EndProject
Project("{FAE04EC0-301F-11D3-BF4B-00C04F79EFBC}") = "Message", "ABC\CST_Message\Message.csproj", "{98525F38-1A4B-4831-A549-797443C32CE9}"
EndProject
Project("{FAE04EC0-301F-11D3-BF4B-00C04F79EFBC}") = "Run_ABC", "ABC\Run_ABC\Run_ABC.csproj", "{036E9C7D-F4FA-411D-810C-8CF6869F87A4}"
EndProject
Project("{FAE04EC0-301F-11D3-BF4B-00C04F79EFBC}") = "Server_A", "ABC\Server_A\Server_A.csproj", "{C7296C2C-548D-445C-8FEB-4D21D972F188}"
EndProject
Project("{FAE04EC0-301F-11D3-BF4B-00C04F79EFBC}") = "Server_B", "ABC\Server_B\Server_B.csproj", "{35848021-CF10-4498-93E3-3AED8F5D0727}"
EndProject
Project("{FAE04EC0-301F-11D3-BF4B-00C04F79EFBC}") = "Server_C", "ABC\Server_C\Server_C.csproj", "{7AB2EC0D-2EC6-4BC7-8DAE-B4D429BBE14C}"
EndProject
Project("{2150E333-8FDC-42A3-9474-1A3956D46DE8}") = "OpenIDLogin", "OpenIDLogin", "{ABB108A7-2830-480A-9EE1-39B956662D8A}"
EndProject
Project("{FAE04EC0-301F-11D3-BF4B-00C04F79EFBC}") = "OpenIDExample", "OpenIDLogin\OpenIDExample\OpenIDExample.csproj", "{7CCD8C54-D995-4982-9EF9-CCBA1D13DE46}"
EndProject
Project("{FAE04EC0-301F-11D3-BF4B-00C04F79EFBC}") = "VProgram", "OpenIDLogin\VProgram\VProgram.csproj", "{27D37963-5778-40C6-B9D0-A58260FAAD22}"
EndProject
Project("{FAE04EC0-301F-11D3-BF4B-00C04F79EFBC}") = "LiveID_IdP", "LiveIDLogin\LiveID_IdP\LiveID_IdP.csproj", "{4A79FE60-2C45-49BA-9297-6C0B49275410}"
EndProject
Project("{FAE04EC0-301F-11D3-BF4B-00C04F79EFBC}") = "Yahoo_IdP", "OpenIDLogin\Yahoo_IdP\Yahoo_IdP.csproj", "{B0F45F09-1334-4F74-9DA8-1A2089BF9D3F}"
EndProject
Global
	GlobalSection(SolutionConfigurationPlatforms) = preSolution
		Debug|Any CPU = Debug|Any CPU
		Release|Any CPU = Release|Any CPU
	EndGlobalSection
	GlobalSection(ProjectConfigurationPlatforms) = postSolution
		{00712A21-5DCF-499E-9DC7-5C857AC6A144}.Debug|Any CPU.ActiveCfg = Debug|Any CPU
		{00712A21-5DCF-499E-9DC7-5C857AC6A144}.Debug|Any CPU.Build.0 = Debug|Any CPU
		{00712A21-5DCF-499E-9DC7-5C857AC6A144}.Release|Any CPU.ActiveCfg = Release|Any CPU
		{00712A21-5DCF-499E-9DC7-5C857AC6A144}.Release|Any CPU.Build.0 = Release|Any CPU
		{D79A10F0-9138-49A0-872C-7C4763DAF219}.Debug|Any CPU.ActiveCfg = Debug|Any CPU
		{D79A10F0-9138-49A0-872C-7C4763DAF219}.Debug|Any CPU.Build.0 = Debug|Any CPU
		{D79A10F0-9138-49A0-872C-7C4763DAF219}.Release|Any CPU.ActiveCfg = Release|Any CPU
		{D79A10F0-9138-49A0-872C-7C4763DAF219}.Release|Any CPU.Build.0 = Release|Any CPU
		{98525F38-1A4B-4831-A549-797443C32CE9}.Debug|Any CPU.ActiveCfg = Debug|Any CPU
		{98525F38-1A4B-4831-A549-797443C32CE9}.Debug|Any CPU.Build.0 = Debug|Any CPU
		{98525F38-1A4B-4831-A549-797443C32CE9}.Release|Any CPU.ActiveCfg = Release|Any CPU
		{98525F38-1A4B-4831-A549-797443C32CE9}.Release|Any CPU.Build.0 = Release|Any CPU
		{036E9C7D-F4FA-411D-810C-8CF6869F87A4}.Debug|Any CPU.ActiveCfg = Debug|Any CPU
		{036E9C7D-F4FA-411D-810C-8CF6869F87A4}.Debug|Any CPU.Build.0 = Debug|Any CPU
		{036E9C7D-F4FA-411D-810C-8CF6869F87A4}.Release|Any CPU.ActiveCfg = Release|Any CPU
		{036E9C7D-F4FA-411D-810C-8CF6869F87A4}.Release|Any CPU.Build.0 = Release|Any CPU
		{C7296C2C-548D-445C-8FEB-4D21D972F188}.Debug|Any CPU.ActiveCfg = Debug|Any CPU
		{C7296C2C-548D-445C-8FEB-4D21D972F188}.Debug|Any CPU.Build.0 = Debug|Any CPU
		{C7296C2C-548D-445C-8FEB-4D21D972F188}.Release|Any CPU.ActiveCfg = Release|Any CPU
		{C7296C2C-548D-445C-8FEB-4D21D972F188}.Release|Any CPU.Build.0 = Release|Any CPU
		{35848021-CF10-4498-93E3-3AED8F5D0727}.Debug|Any CPU.ActiveCfg = Debug|Any CPU
		{35848021-CF10-4498-93E3-3AED8F5D0727}.Debug|Any CPU.Build.0 = Debug|Any CPU
		{35848021-CF10-4498-93E3-3AED8F5D0727}.Release|Any CPU.ActiveCfg = Release|Any CPU
		{35848021-CF10-4498-93E3-3AED8F5D0727}.Release|Any CPU.Build.0 = Release|Any CPU
		{7AB2EC0D-2EC6-4BC7-8DAE-B4D429BBE14C}.Debug|Any CPU.ActiveCfg = Debug|Any CPU
		{7AB2EC0D-2EC6-4BC7-8DAE-B4D429BBE14C}.Debug|Any CPU.Build.0 = Debug|Any CPU
		{7AB2EC0D-2EC6-4BC7-8DAE-B4D429BBE14C}.Release|Any CPU.ActiveCfg = Release|Any CPU
		{7AB2EC0D-2EC6-4BC7-8DAE-B4D429BBE14C}.Release|Any CPU.Build.0 = Release|Any CPU
		{7CCD8C54-D995-4982-9EF9-CCBA1D13DE46}.Debug|Any CPU.ActiveCfg = Debug|Any CPU
		{7CCD8C54-D995-4982-9EF9-CCBA1D13DE46}.Debug|Any CPU.Build.0 = Debug|Any CPU
		{7CCD8C54-D995-4982-9EF9-CCBA1D13DE46}.Release|Any CPU.ActiveCfg = Release|Any CPU
		{7CCD8C54-D995-4982-9EF9-CCBA1D13DE46}.Release|Any CPU.Build.0 = Release|Any CPU
		{27D37963-5778-40C6-B9D0-A58260FAAD22}.Debug|Any CPU.ActiveCfg = Debug|Any CPU
		{27D37963-5778-40C6-B9D0-A58260FAAD22}.Debug|Any CPU.Build.0 = Debug|Any CPU
		{27D37963-5778-40C6-B9D0-A58260FAAD22}.Release|Any CPU.ActiveCfg = Release|Any CPU
		{27D37963-5778-40C6-B9D0-A58260FAAD22}.Release|Any CPU.Build.0 = Release|Any CPU
		{4A79FE60-2C45-49BA-9297-6C0B49275410}.Debug|Any CPU.ActiveCfg = Debug|Any CPU
		{4A79FE60-2C45-49BA-9297-6C0B49275410}.Debug|Any CPU.Build.0 = Debug|Any CPU
		{4A79FE60-2C45-49BA-9297-6C0B49275410}.Release|Any CPU.ActiveCfg = Release|Any CPU
		{4A79FE60-2C45-49BA-9297-6C0B49275410}.Release|Any CPU.Build.0 = Release|Any CPU
		{B0F45F09-1334-4F74-9DA8-1A2089BF9D3F}.Debug|Any CPU.ActiveCfg = Debug|Any CPU
		{B0F45F09-1334-4F74-9DA8-1A2089BF9D3F}.Debug|Any CPU.Build.0 = Debug|Any CPU
		{B0F45F09-1334-4F74-9DA8-1A2089BF9D3F}.Release|Any CPU.ActiveCfg = Release|Any CPU
		{B0F45F09-1334-4F74-9DA8-1A2089BF9D3F}.Release|Any CPU.Build.0 = Release|Any CPU
	EndGlobalSection
	GlobalSection(SolutionProperties) = preSolution
		HideSolutionNode = FALSE
	EndGlobalSection
	GlobalSection(NestedProjects) = preSolution
		{00712A21-5DCF-499E-9DC7-5C857AC6A144} = {33DD93B2-7588-445C-858B-D003D6242F30}
		{D79A10F0-9138-49A0-872C-7C4763DAF219} = {33DD93B2-7588-445C-858B-D003D6242F30}
		{4A79FE60-2C45-49BA-9297-6C0B49275410} = {33DD93B2-7588-445C-858B-D003D6242F30}
		{98525F38-1A4B-4831-A549-797443C32CE9} = {0A2A3A0B-6FB3-42D5-B093-D56498C7F72E}
		{036E9C7D-F4FA-411D-810C-8CF6869F87A4} = {0A2A3A0B-6FB3-42D5-B093-D56498C7F72E}
		{C7296C2C-548D-445C-8FEB-4D21D972F188} = {0A2A3A0B-6FB3-42D5-B093-D56498C7F72E}
		{35848021-CF10-4498-93E3-3AED8F5D0727} = {0A2A3A0B-6FB3-42D5-B093-D56498C7F72E}
		{7AB2EC0D-2EC6-4BC7-8DAE-B4D429BBE14C} = {0A2A3A0B-6FB3-42D5-B093-D56498C7F72E}
		{7CCD8C54-D995-4982-9EF9-CCBA1D13DE46} = {ABB108A7-2830-480A-9EE1-39B956662D8A}
		{27D37963-5778-40C6-B9D0-A58260FAAD22} = {ABB108A7-2830-480A-9EE1-39B956662D8A}
		{B0F45F09-1334-4F74-9DA8-1A2089BF9D3F} = {ABB108A7-2830-480A-9EE1-39B956662D8A}
	EndGlobalSection
EndGlobal
